// !$*UTF8*$!
{
	archiveVersion = 1;
	classes = {
	};
	objectVersion = 46;
	objects = {

/* Begin PBXBuildFile section */
		7C31DF8C181E3ED300A5CEBC /* UIKit.framework in Frameworks */ = {isa = PBXBuildFile; fileRef = 7C31DF8B181E3ED300A5CEBC /* UIKit.framework */; };
		7C31DF8E181E3ED300A5CEBC /* Foundation.framework in Frameworks */ = {isa = PBXBuildFile; fileRef = 7C31DF8D181E3ED300A5CEBC /* Foundation.framework */; };
		7C31DF90181E3ED300A5CEBC /* CoreGraphics.framework in Frameworks */ = {isa = PBXBuildFile; fileRef = 7C31DF8F181E3ED300A5CEBC /* CoreGraphics.framework */; };
		7C31DF96181E3ED300A5CEBC /* InfoPlist.strings in Resources */ = {isa = PBXBuildFile; fileRef = 7C31DF94181E3ED300A5CEBC /* InfoPlist.strings */; };
		7C31DF98181E3ED300A5CEBC /* main.m in Sources */ = {isa = PBXBuildFile; fileRef = 7C31DF97181E3ED300A5CEBC /* main.m */; };
		7C31DF9C181E3ED300A5CEBC /* SBDAppDelegate.m in Sources */ = {isa = PBXBuildFile; fileRef = 7C31DF9B181E3ED300A5CEBC /* SBDAppDelegate.m */; };
		7C31DF9E181E3ED300A5CEBC /* Default.png in Resources */ = {isa = PBXBuildFile; fileRef = 7C31DF9D181E3ED300A5CEBC /* Default.png */; };
		7C31DFA0181E3ED300A5CEBC /* Default@2x.png in Resources */ = {isa = PBXBuildFile; fileRef = 7C31DF9F181E3ED300A5CEBC /* Default@2x.png */; };
		7C31DFA2181E3ED300A5CEBC /* Default-568h@2x.png in Resources */ = {isa = PBXBuildFile; fileRef = 7C31DFA1181E3ED300A5CEBC /* Default-568h@2x.png */; };
		7C33B3A8181E3FE1002AB1CF /* Storyboard.storyboard in Resources */ = {isa = PBXBuildFile; fileRef = 7C33B3A7181E3FE1002AB1CF /* Storyboard.storyboard */; };
		7C33B3AA181E43E8002AB1CF /* btn_define_b.png in Resources */ = {isa = PBXBuildFile; fileRef = 7C33B3A9181E43E8002AB1CF /* btn_define_b.png */; };
		7C33B3B3181E5690002AB1CF /* SBDViewController.m in Sources */ = {isa = PBXBuildFile; fileRef = 7C33B3B2181E5690002AB1CF /* SBDViewController.m */; };
		7C33B3B6181E5A3E002AB1CF /* SBDTabViewController.m in Sources */ = {isa = PBXBuildFile; fileRef = 7C33B3B5181E5A3E002AB1CF /* SBDTabViewController.m */; };
		7C978089188522E20086700E /* SBDLoginController.m in Sources */ = {isa = PBXBuildFile; fileRef = 7C978088188522E20086700E /* SBDLoginController.m */; };
/* End PBXBuildFile section */

/* Begin PBXFileReference section */
		7C31DF88181E3ED300A5CEBC /* StoryBoardDemo.app */ = {isa = PBXFileReference; explicitFileType = wrapper.application; includeInIndex = 0; path = StoryBoardDemo.app; sourceTree = BUILT_PRODUCTS_DIR; };
		7C31DF8B181E3ED300A5CEBC /* UIKit.framework */ = {isa = PBXFileReference; lastKnownFileType = wrapper.framework; name = UIKit.framework; path = System/Library/Frameworks/UIKit.framework; sourceTree = SDKROOT; };
		7C31DF8D181E3ED300A5CEBC /* Foundation.framework */ = {isa = PBXFileReference; lastKnownFileType = wrapper.framework; name = Foundation.framework; path = System/Library/Frameworks/Foundation.framework; sourceTree = SDKROOT; };
		7C31DF8F181E3ED300A5CEBC /* CoreGraphics.framework */ = {isa = PBXFileReference; lastKnownFileType = wrapper.framework; name = CoreGraphics.framework; path = System/Library/Frameworks/CoreGraphics.framework; sourceTree = SDKROOT; };
		7C31DF93181E3ED300A5CEBC /* StoryBoardDemo-Info.plist */ = {isa = PBXFileReference; lastKnownFileType = text.plist.xml; path = "StoryBoardDemo-Info.plist"; sourceTree = "<group>"; };
		7C31DF95181E3ED300A5CEBC /* en */ = {isa = PBXFileReference; lastKnownFileType = text.plist.strings; name = en; path = en.lproj/InfoPlist.strings; sourceTree = "<group>"; };
		7C31DF97181E3ED300A5CEBC /* main.m */ = {isa = PBXFileReference; lastKnownFileType = sourcecode.c.objc; path = main.m; sourceTree = "<group>"; };
		7C31DF99181E3ED300A5CEBC /* StoryBoardDemo-Prefix.pch */ = {isa = PBXFileReference; lastKnownFileType = sourcecode.c.h; path = "StoryBoardDemo-Prefix.pch"; sourceTree = "<group>"; };
		7C31DF9A181E3ED300A5CEBC /* SBDAppDelegate.h */ = {isa = PBXFileReference; lastKnownFileType = sourcecode.c.h; path = SBDAppDelegate.h; sourceTree = "<group>"; };
		7C31DF9B181E3ED300A5CEBC /* SBDAppDelegate.m */ = {isa = PBXFileReference; lastKnownFileType = sourcecode.c.objc; path = SBDAppDelegate.m; sourceTree = "<group>"; };
		7C31DF9D181E3ED300A5CEBC /* Default.png */ = {isa = PBXFileReference; lastKnownFileType = image.png; path = Default.png; sourceTree = "<group>"; };
		7C31DF9F181E3ED300A5CEBC /* Default@2x.png */ = {isa = PBXFileReference; lastKnownFileType = image.png; path = "Default@2x.png"; sourceTree = "<group>"; };
		7C31DFA1181E3ED300A5CEBC /* Default-568h@2x.png */ = {isa = PBXFileReference; lastKnownFileType = image.png; path = "Default-568h@2x.png"; sourceTree = "<group>"; };
		7C33B3A7181E3FE1002AB1CF /* Storyboard.storyboard */ = {isa = PBXFileReference; fileEncoding = 4; lastKnownFileType = file.storyboard; path = Storyboard.storyboard; sourceTree = "<group>"; };
		7C33B3A9181E43E8002AB1CF /* btn_define_b.png */ = {isa = PBXFileReference; lastKnownFileType = image.png; path = btn_define_b.png; sourceTree = "<group>"; };
		7C33B3B1181E5690002AB1CF /* SBDViewController.h */ = {isa = PBXFileReference; fileEncoding = 4; lastKnownFileType = sourcecode.c.h; path = SBDViewController.h; sourceTree = "<group>"; };
		7C33B3B2181E5690002AB1CF /* SBDViewController.m */ = {isa = PBXFileReference; fileEncoding = 4; lastKnownFileType = sourcecode.c.objc; path = SBDViewController.m; sourceTree = "<group>"; };
		7C33B3B4181E5A3D002AB1CF /* SBDTabViewController.h */ = {isa = PBXFileReference; fileEncoding = 4; lastKnownFileType = sourcecode.c.h; path = SBDTabViewController.h; sourceTree = "<group>"; };
		7C33B3B5181E5A3E002AB1CF /* SBDTabViewController.m */ = {isa = PBXFileReference; fileEncoding = 4; lastKnownFileType = sourcecode.c.objc; path = SBDTabViewController.m; sourceTree = "<group>"; };
		7C978087188522E20086700E /* SBDLoginController.h */ = {isa = PBXFileReference; fileEncoding = 4; lastKnownFileType = sourcecode.c.h; path = SBDLoginController.h; sourceTree = "<group>"; };
		7C978088188522E20086700E /* SBDLoginController.m */ = {isa = PBXFileReference; fileEncoding = 4; lastKnownFileType = sourcecode.c.objc; path = SBDLoginController.m; sourceTree = "<group>"; };
/* End PBXFileReference section */

/* Begin PBXFrameworksBuildPhase section */
		7C31DF85181E3ED300A5CEBC /* Frameworks */ = {
			isa = PBXFrameworksBuildPhase;
			buildActionMask = 2147483647;
			files = (
				7C31DF8C181E3ED300A5CEBC /* UIKit.framework in Frameworks */,
				7C31DF8E181E3ED300A5CEBC /* Foundation.framework in Frameworks */,
				7C31DF90181E3ED300A5CEBC /* CoreGraphics.framework in Frameworks */,
			);
			runOnlyForDeploymentPostprocessing = 0;
		};
/* End PBXFrameworksBuildPhase section */

/* Begin PBXGroup section */
		7C31DF7F181E3ED300A5CEBC = {
			isa = PBXGroup;
			children = (
				7C31DF91181E3ED300A5CEBC /* StoryBoardDemo */,
				7C31DF8A181E3ED300A5CEBC /* Frameworks */,
				7C31DF89181E3ED300A5CEBC /* Products */,
			);
			sourceTree = "<group>";
		};
		7C31DF89181E3ED300A5CEBC /* Products */ = {
			isa = PBXGroup;
			children = (
				7C31DF88181E3ED300A5CEBC /* StoryBoardDemo.app */,
			);
			name = Products;
			sourceTree = "<group>";
		};
		7C31DF8A181E3ED300A5CEBC /* Frameworks */ = {
			isa = PBXGroup;
			children = (
				7C31DF8B181E3ED300A5CEBC /* UIKit.framework */,
				7C31DF8D181E3ED300A5CEBC /* Foundation.framework */,
				7C31DF8F181E3ED300A5CEBC /* CoreGraphics.framework */,
			);
			name = Frameworks;
			sourceTree = "<group>";
		};
		7C31DF91181E3ED300A5CEBC /* StoryBoardDemo */ = {
			isa = PBXGroup;
			children = (
				7C31DF9A181E3ED300A5CEBC /* SBDAppDelegate.h */,
				7C31DF9B181E3ED300A5CEBC /* SBDAppDelegate.m */,
				7C31DF92181E3ED300A5CEBC /* Supporting Files */,
				7C33B3A7181E3FE1002AB1CF /* Storyboard.storyboard */,
				7C33B3B1181E5690002AB1CF /* SBDViewController.h */,
				7C33B3B2181E5690002AB1CF /* SBDViewController.m */,
				7C33B3B4181E5A3D002AB1CF /* SBDTabViewController.h */,
				7C33B3B5181E5A3E002AB1CF /* SBDTabViewController.m */,
				7C978087188522E20086700E /* SBDLoginController.h */,
				7C978088188522E20086700E /* SBDLoginController.m */,
			);
			path = StoryBoardDemo;
			sourceTree = "<group>";
		};
		7C31DF92181E3ED300A5CEBC /* Supporting Files */ = {
			isa = PBXGroup;
			children = (
				7C31DF93181E3ED300A5CEBC /* StoryBoardDemo-Info.plist */,
				7C31DF94181E3ED300A5CEBC /* InfoPlist.strings */,
				7C31DF97181E3ED300A5CEBC /* main.m */,
				7C31DF99181E3ED300A5CEBC /* StoryBoardDemo-Prefix.pch */,
				7C31DF9D181E3ED300A5CEBC /* Default.png */,
				7C33B3A9181E43E8002AB1CF /* btn_define_b.png */,
				7C31DF9F181E3ED300A5CEBC /* Default@2x.png */,
				7C31DFA1181E3ED300A5CEBC /* Default-568h@2x.png */,
			);
			name = "Supporting Files";
			sourceTree = "<group>";
		};
/* End PBXGroup section */

/* Begin PBXNativeTarget section */
		7C31DF87181E3ED300A5CEBC /* StoryBoardDemo */ = {
			isa = PBXNativeTarget;
			buildConfigurationList = 7C31DFA5181E3ED300A5CEBC /* Build configuration list for PBXNativeTarget "StoryBoardDemo" */;
			buildPhases = (
				7C31DF84181E3ED300A5CEBC /* Sources */,
				7C31DF85181E3ED300A5CEBC /* Frameworks */,
				7C31DF86181E3ED300A5CEBC /* Resources */,
			);
			buildRules = (
			);
			dependencies = (
			);
			name = StoryBoardDemo;
			productName = StoryBoardDemo;
			productReference = 7C31DF88181E3ED300A5CEBC /* StoryBoardDemo.app */;
			productType = "com.apple.product-type.application";
		};
/* End PBXNativeTarget section */

/* Begin PBXProject section */
		7C31DF80181E3ED300A5CEBC /* Project object */ = {
			isa = PBXProject;
			attributes = {
				CLASSPREFIX = SBD;
				LastUpgradeCheck = 0460;
				ORGANIZATIONNAME = wwwins;
			};
			buildConfigurationList = 7C31DF83181E3ED300A5CEBC /* Build configuration list for PBXProject "StoryBoardDemo" */;
			compatibilityVersion = "Xcode 3.2";
			developmentRegion = English;
			hasScannedForEncodings = 0;
			knownRegions = (
				en,
			);
			mainGroup = 7C31DF7F181E3ED300A5CEBC;
			productRefGroup = 7C31DF89181E3ED300A5CEBC /* Products */;
			projectDirPath = "";
			projectRoot = "";
			targets = (
				7C31DF87181E3ED300A5CEBC /* StoryBoardDemo */,
			);
		};
/* End PBXProject section */

/* Begin PBXResourcesBuildPhase section */
		7C31DF86181E3ED300A5CEBC /* Resources */ = {
			isa = PBXResourcesBuildPhase;
			buildActionMask = 2147483647;
			files = (
				7C31DF96181E3ED300A5CEBC /* InfoPlist.strings in Resources */,
				7C31DF9E181E3ED300A5CEBC /* Default.png in Resources */,
				7C31DFA0181E3ED300A5CEBC /* Default@2x.png in Resources */,
				7C31DFA2181E3ED300A5CEBC /* Default-568h@2x.png in Resources */,
				7C33B3A8181E3FE1002AB1CF /* Storyboard.storyboard in Resources */,
				7C33B3AA181E43E8002AB1CF /* btn_define_b.png in Resources */,
			);
			runOnlyForDeploymentPostprocessing = 0;
		};
/* End PBXResourcesBuildPhase section */

/* Begin PBXSourcesBuildPhase section */
		7C31DF84181E3ED300A5CEBC /* Sources */ = {
			isa = PBXSourcesBuildPhase;
			buildActionMask = 2147483647;
			files = (
				7C31DF98181E3ED300A5CEBC /* main.m in Sources */,
				7C978089188522E20086700E /* SBDLoginController.m in Sources */,
				7C31DF9C181E3ED300A5CEBC /* SBDAppDelegate.m in Sources */,
				7C33B3B3181E5690002AB1CF /* SBDViewController.m in Sources */,
				7C33B3B6181E5A3E002AB1CF /* SBDTabViewController.m in Sources */,
			);
			runOnlyForDeploymentPostprocessing = 0;
		};
/* End PBXSourcesBuildPhase section */

/* Begin PBXVariantGroup section */
		7C31DF94181E3ED300A5CEBC /* InfoPlist.strings */ = {
			isa = PBXVariantGroup;
			children = (
				7C31DF95181E3ED300A5CEBC /* en */,
			);
			name = InfoPlist.strings;
			sourceTree = "<group>";
		};
/* End PBXVariantGroup section */

/* Begin XCBuildConfiguration section */
		7C31DFA3181E3ED300A5CEBC /* Debug */ = {
			isa = XCBuildConfiguration;
			buildSettings = {
				ALWAYS_SEARCH_USER_PATHS = NO;
				CLANG_CXX_LANGUAGE_STANDARD = "gnu++0x";
				CLANG_CXX_LIBRARY = "libc++";
				CLANG_ENABLE_OBJC_ARC = YES;
				CLANG_WARN_CONSTANT_CONVERSION = YES;
				CLANG_WARN_EMPTY_BODY = YES;
				CLANG_WARN_ENUM_CONVERSION = YES;
				CLANG_WARN_INT_CONVERSION = YES;
				CLANG_WARN__DUPLICATE_METHOD_MATCH = YES;
				"CODE_SIGN_IDENTITY[sdk=iphoneos*]" = "iPhone Developer";
				COPY_PHASE_STRIP = NO;
				GCC_C_LANGUAGE_STANDARD = gnu99;
				GCC_DYNAMIC_NO_PIC = NO;
				GCC_OPTIMIZATION_LEVEL = 0;
				GCC_PREPROCESSOR_DEFINITIONS = (
					"DEBUG=1",
					"$(inherited)",
				);
				GCC_SYMBOLS_PRIVATE_EXTERN = NO;
				GCC_WARN_ABOUT_RETURN_TYPE = YES;
				GCC_WARN_UNINITIALIZED_AUTOS = YES;
				GCC_WARN_UNUSED_VARIABLE = YES;
				IPHONEOS_DEPLOYMENT_TARGET = 6.1;
				ONLY_ACTIVE_ARCH = YES;
				SDKROOT = iphoneos;
			};
			name = Debug;
		};
		7C31DFA4181E3ED300A5CEBC /* Release */ = {
			isa = XCBuildConfiguration;
			buildSettings = {
				ALWAYS_SEARCH_USER_PATHS = NO;
				CLANG_CXX_LANGUAGE_STANDARD = "gnu++0x";
				CLANG_CXX_LIBRARY = "libc++";
				CLANG_ENABLE_OBJC_ARC = YES;
				CLANG_WARN_CONSTANT_CONVERSION = YES;
				CLANG_WARN_EMPTY_BODY = YES;
				CLANG_WARN_ENUM_CONVERSION = YES;
				CLANG_WARN_INT_CONVERSION = YES;
				CLANG_WARN__DUPLICATE_METHOD_MATCH = YES;
				"CODE_SIGN_IDENTITY[sdk=iphoneos*]" = "iPhone Developer";
				COPY_PHASE_STRIP = YES;
				GCC_C_LANGUAGE_STANDARD = gnu99;
				GCC_WARN_ABOUT_RETURN_TYPE = YES;
				GCC_WARN_UNINITIALIZED_AUTOS = YES;
				GCC_WARN_UNUSED_VARIABLE = YES;
				IPHONEOS_DEPLOYMENT_TARGET = 6.1;
				OTHER_CFLAGS = "-DNS_BLOCK_ASSERTIONS=1";
				SDKROOT = iphoneos;
				VALIDATE_PRODUCT = YES;
			};
			name = Release;
		};
		7C31DFA6181E3ED300A5CEBC /* Debug */ = {
			isa = XCBuildConfiguration;
			buildSettings = {
				GCC_PRECOMPILE_PREFIX_HEADER = YES;
				GCC_PREFIX_HEADER = "StoryBoardDemo/StoryBoardDemo-Prefix.pch";
				INFOPLIST_FILE = "StoryBoardDemo/StoryBoardDemo-Info.plist";
				PRODUCT_NAME = "$(TARGET_NAME)";
				WRAPPER_EXTENSION = app;
			};
			name = Debug;
		};
		7C31DFA7181E3ED300A5CEBC /* Release */ = {
			isa = XCBuildConfiguration;
			buildSettings = {
				GCC_PRECOMPILE_PREFIX_HEADER = YES;
				GCC_PREFIX_HEADER = "StoryBoardDemo/StoryBoardDemo-Prefix.pch";
				INFOPLIST_FILE = "StoryBoardDemo/StoryBoardDemo-Info.plist";
				PRODUCT_NAME = "$(TARGET_NAME)";
				WRAPPER_EXTENSION = app;
			};
			name = Release;
		};
/* End XCBuildConfiguration section */

/* Begin XCConfigurationList section */
		7C31DF83181E3ED300A5CEBC /* Build configuration list for PBXProject "StoryBoardDemo" */ = {
			isa = XCConfigurationList;
			buildConfigurations = (
				7C31DFA3181E3ED300A5CEBC /* Debug */,
				7C31DFA4181E3ED300A5CEBC /* Release */,
			);
			defaultConfigurationIsVisible = 0;
			defaultConfigurationName = Release;
		};
		7C31DFA5181E3ED300A5CEBC /* Build configuration list for PBXNativeTarget "StoryBoardDemo" */ = {
			isa = XCConfigurationList;
			buildConfigurations = (
				7C31DFA6181E3ED300A5CEBC /* Debug */,
				7C31DFA7181E3ED300A5CEBC /* Release */,
			);
			defaultConfigurationIsVisible = 0;
			defaultConfigurationName = Release;
		};
/* End XCConfigurationList section */
	};
	rootObject = 7C31DF80181E3ED300A5CEBC /* Project object */;
}
